PODS:
  - Alamofire (4.7.2)
  - AlamofireObjectMapper (5.0.0):
    - Alamofire (~> 4.1)
    - ObjectMapper (~> 3.0)
  - FitpaySDK (0.5.0):
    - Alamofire (~> 4.1)
    - AlamofireObjectMapper (~> 5.0)
    - JWTDecode (= 2.0.0)
    - KeychainAccess (= 3.1)
    - ObjectMapper (~> 3.1)
    - RxSwift (~> 4.1)
  - JWTDecode (2.0.0)
  - KeychainAccess (3.1.0)
  - ObjectMapper (3.1.0)
  - RxSwift (4.1.2)

DEPENDENCIES:
  - FitpaySDK

SPEC REPOS:
  https://github.com/cocoapods/specs.git:
    - Alamofire
    - AlamofireObjectMapper
    - FitpaySDK
    - JWTDecode
    - KeychainAccess
    - ObjectMapper
    - RxSwift

SPEC CHECKSUMS:
  Alamofire: e4fa87002c137ba2d8d634d2c51fabcda0d5c223
  AlamofireObjectMapper: 5fafc816351cbbc0d486611aaeba7461c0cbad49
  FitpaySDK: 894239005fe7657ac2d26f7b394450321983bd31
  JWTDecode: 178e47e5d28d3abcff778bacced8342858cd6cb5
  KeychainAccess: 94c5540b32eabf7bc32bfb976a268e8ea05fd6da
  ObjectMapper: 20505058f54e5c3ca69e1d6de9897d152a5369a6
  RxSwift: e49536837d9901277638493ea537394d4b55f570

PODFILE CHECKSUM: 6b9365928e14e72a4fcb0448866dabf82cd421f7

COCOAPODS: 1.5.2
