PODS:
  - Alamofire (4.7.3)
  - FitpaySDK (1.0.1):
    - Alamofire (~> 4.1)
    - JWTDecode (~> 2.1)
    - RxSwift (~> 4.1)
  - JWTDecode (2.1.1)
  - RxSwift (4.2.0)

DEPENDENCIES:
  - FitpaySDK

SPEC REPOS:
  https://github.com/cocoapods/specs.git:
    - Alamofire
    - FitpaySDK
    - JWTDecode
    - RxSwift

SPEC CHECKSUMS:
  Alamofire: c7287b6e5d7da964a70935e5db17046b7fde6568
  FitpaySDK: 25bfa00dd773678604263ba3ed9cc6c45e7e0125
  JWTDecode: 83e8b381aafe27158d9f692cbdca2b12d61d460c
  RxSwift: 99e10317ddfcc7fbe01356aafd118fde4a0be104

PODFILE CHECKSUM: 882e39c3c9af22b5e03487d2c744626bb750e615

COCOAPODS: 1.5.2
